Microsoft Visual Studio Solution File, Format Version 12.00
# Visual Studio Version 17
VisualStudioVersion = 17.5.2.0
MinimumVisualStudioVersion = 10.0.40219.1
Project("{FAE04EC0-301F-11D3-BF4B-00C04F79EFBC}") = "MBack.Config", "MBack.Config\MBack.Config.csproj", "{746B2A8D-3C5A-AAD6-A626-75CD24AA8813}"
EndProject
Project("{FAE04EC0-301F-11D3-BF4B-00C04F79EFBC}") = "MBack.Service", "MBack.Service\MBack.Service.csproj", "{50EF3704-9766-06C9-E90F-66EFC68CAE4D}"
EndProject
Project("{2150E333-8FDC-42A3-9474-1A3956D46DE8}") = ".history", ".history", "{D65D3962-0D66-DD3D-306F-3497310A92CB}"
EndProject
Project("{2150E333-8FDC-42A3-9474-1A3956D46DE8}") = "MBack.Config", "MBack.Config", "{1182857F-7AE9-05C8-C2C1-E47C0D4B2E15}"
EndProject
Project("{FAE04EC0-301F-11D3-BF4B-00C04F79EFBC}") = "MBack.Config_20260210152022", ".history\MBack.Config\MBack.Config_20260210152022.csproj", "{4E821DFC-09EE-2E1B-A21B-54B0EA1DB99A}"
EndProject
Project("{FAE04EC0-301F-11D3-BF4B-00C04F79EFBC}") = "MBack.Config_20260210164840", ".history\MBack.Config\MBack.Config_20260210164840.csproj", "{AB6639F7-772B-C682-4A0F-38A4C50E9D8A}"
EndProject
Project("{2150E333-8FDC-42A3-9474-1A3956D46DE8}") = "MBack.Service", "MBack.Service", "{DB8D97C1-8D30-1F4B-41B0-D3C1319FBC17}"
EndProject
Project("{FAE04EC0-301F-11D3-BF4B-00C04F79EFBC}") = "MBack.Service_20260210135714", ".history\MBack.Service\MBack.Service_20260210135714.csproj", "{DAB30388-CDB7-5164-A3B6-C92C587263AB}"
EndProject
Project("{FAE04EC0-301F-11D3-BF4B-00C04F79EFBC}") = "MBack.Service_20260210164924", ".history\MBack.Service\MBack.Service_20260210164924.csproj", "{39E1B9FB-5919-71AB-87CE-FA506A7BB386}"
EndProject
Global
	GlobalSection(SolutionConfigurationPlatforms) = preSolution
		Debug|Any CPU = Debug|Any CPU
		Release|Any CPU = Release|Any CPU
	EndGlobalSection
	GlobalSection(ProjectConfigurationPlatforms) = postSolution
		{746B2A8D-3C5A-AAD6-A626-75CD24AA8813}.Debug|Any CPU.ActiveCfg = Debug|Any CPU
		{746B2A8D-3C5A-AAD6-A626-75CD24AA8813}.Debug|Any CPU.Build.0 = Debug|Any CPU
		{746B2A8D-3C5A-AAD6-A626-75CD24AA8813}.Release|Any CPU.ActiveCfg = Release|Any CPU
		{746B2A8D-3C5A-AAD6-A626-75CD24AA8813}.Release|Any CPU.Build.0 = Release|Any CPU
		{50EF3704-9766-06C9-E90F-66EFC68CAE4D}.Debug|Any CPU.ActiveCfg = Debug|Any CPU
		{50EF3704-9766-06C9-E90F-66EFC68CAE4D}.Debug|Any CPU.Build.0 = Debug|Any CPU
		{50EF3704-9766-06C9-E90F-66EFC68CAE4D}.Release|Any CPU.ActiveCfg = Release|Any CPU
		{50EF3704-9766-06C9-E90F-66EFC68CAE4D}.Release|Any CPU.Build.0 = Release|Any CPU
		{4E821DFC-09EE-2E1B-A21B-54B0EA1DB99A}.Debug|Any CPU.ActiveCfg = Debug|Any CPU
		{4E821DFC-09EE-2E1B-A21B-54B0EA1DB99A}.Debug|Any CPU.Build.0 = Debug|Any CPU
		{4E821DFC-09EE-2E1B-A21B-54B0EA1DB99A}.Release|Any CPU.ActiveCfg = Release|Any CPU
		{4E821DFC-09EE-2E1B-A21B-54B0EA1DB99A}.Release|Any CPU.Build.0 = Release|Any CPU
		{AB6639F7-772B-C682-4A0F-38A4C50E9D8A}.Debug|Any CPU.ActiveCfg = Debug|Any CPU
		{AB6639F7-772B-C682-4A0F-38A4C50E9D8A}.Debug|Any CPU.Build.0 = Debug|Any CPU
		{AB6639F7-772B-C682-4A0F-38A4C50E9D8A}.Release|Any CPU.ActiveCfg = Release|Any CPU
		{AB6639F7-772B-C682-4A0F-38A4C50E9D8A}.Release|Any CPU.Build.0 = Release|Any CPU
		{DAB30388-CDB7-5164-A3B6-C92C587263AB}.Debug|Any CPU.ActiveCfg = Debug|Any CPU
		{DAB30388-CDB7-5164-A3B6-C92C587263AB}.Debug|Any CPU.Build.0 = Debug|Any CPU
		{DAB30388-CDB7-5164-A3B6-C92C587263AB}.Release|Any CPU.ActiveCfg = Release|Any CPU
		{DAB30388-CDB7-5164-A3B6-C92C587263AB}.Release|Any CPU.Build.0 = Release|Any CPU
		{39E1B9FB-5919-71AB-87CE-FA506A7BB386}.Debug|Any CPU.ActiveCfg = Debug|Any CPU
		{39E1B9FB-5919-71AB-87CE-FA506A7BB386}.Debug|Any CPU.Build.0 = Debug|Any CPU
		{39E1B9FB-5919-71AB-87CE-FA506A7BB386}.Release|Any CPU.ActiveCfg = Release|Any CPU
		{39E1B9FB-5919-71AB-87CE-FA506A7BB386}.Release|Any CPU.Build.0 = Release|Any CPU
	EndGlobalSection
	GlobalSection(SolutionProperties) = preSolution
		HideSolutionNode = FALSE
	EndGlobalSection
	GlobalSection(NestedProjects) = preSolution
		{1182857F-7AE9-05C8-C2C1-E47C0D4B2E15} = {D65D3962-0D66-DD3D-306F-3497310A92CB}
		{4E821DFC-09EE-2E1B-A21B-54B0EA1DB99A} = {1182857F-7AE9-05C8-C2C1-E47C0D4B2E15}
		{AB6639F7-772B-C682-4A0F-38A4C50E9D8A} = {1182857F-7AE9-05C8-C2C1-E47C0D4B2E15}
		{DB8D97C1-8D30-1F4B-41B0-D3C1319FBC17} = {D65D3962-0D66-DD3D-306F-3497310A92CB}
		{DAB30388-CDB7-5164-A3B6-C92C587263AB} = {DB8D97C1-8D30-1F4B-41B0-D3C1319FBC17}
		{39E1B9FB-5919-71AB-87CE-FA506A7BB386} = {DB8D97C1-8D30-1F4B-41B0-D3C1319FBC17}
	EndGlobalSection
	GlobalSection(ExtensibilityGlobals) = postSolution
		SolutionGuid = {0CF61BA9-8421-41FA-8AB1-CAC1837F806B}
	EndGlobalSection
EndGlobal
